
Microsoft Visual Studio Solution File, Format Version 12.00
# Visual Studio Version 16
VisualStudioVersion = 25.0.1706.4
MinimumVisualStudioVersion = 10.0.40219.1
Project("{FAE04EC0-301F-11D3-BF4B-00C04F79EFBC}") = "Question_1", "Question_1\Question_1.csproj", "{7A74F8A3-83DE-4598-AACB-E97685C42484}"
EndProject
Project("{FAE04EC0-301F-11D3-BF4B-00C04F79EFBC}") = "Question_2", "Question_2\Question_2.csproj", "{ED61BB0C-788A-4F52-A526-CDA90861B647}"
EndProject
Project("{FAE04EC0-301F-11D3-BF4B-00C04F79EFBC}") = "Question_3", "Question_3\Question_3.csproj", "{C336AC49-A108-4A06-81A7-1E14ED6E2402}"
EndProject
Global
	GlobalSection(SolutionConfigurationPlatforms) = preSolution
		Debug|Any CPU = Debug|Any CPU
		Release|Any CPU = Release|Any CPU
	EndGlobalSection
	GlobalSection(ProjectConfigurationPlatforms) = postSolution
		{7A74F8A3-83DE-4598-AACB-E97685C42484}.Debug|Any CPU.ActiveCfg = Debug|Any CPU
		{7A74F8A3-83DE-4598-AACB-E97685C42484}.Debug|Any CPU.Build.0 = Debug|Any CPU
		{7A74F8A3-83DE-4598-AACB-E97685C42484}.Release|Any CPU.ActiveCfg = Release|Any CPU
		{7A74F8A3-83DE-4598-AACB-E97685C42484}.Release|Any CPU.Build.0 = Release|Any CPU
		{ED61BB0C-788A-4F52-A526-CDA90861B647}.Debug|Any CPU.ActiveCfg = Debug|Any CPU
		{ED61BB0C-788A-4F52-A526-CDA90861B647}.Debug|Any CPU.Build.0 = Debug|Any CPU
		{ED61BB0C-788A-4F52-A526-CDA90861B647}.Release|Any CPU.ActiveCfg = Release|Any CPU
		{ED61BB0C-788A-4F52-A526-CDA90861B647}.Release|Any CPU.Build.0 = Release|Any CPU
		{C336AC49-A108-4A06-81A7-1E14ED6E2402}.Debug|Any CPU.ActiveCfg = Debug|Any CPU
		{C336AC49-A108-4A06-81A7-1E14ED6E2402}.Debug|Any CPU.Build.0 = Debug|Any CPU
		{C336AC49-A108-4A06-81A7-1E14ED6E2402}.Release|Any CPU.ActiveCfg = Release|Any CPU
		{C336AC49-A108-4A06-81A7-1E14ED6E2402}.Release|Any CPU.Build.0 = Release|Any CPU
	EndGlobalSection
	GlobalSection(SolutionProperties) = preSolution
		HideSolutionNode = FALSE
	EndGlobalSection
	GlobalSection(ExtensibilityGlobals) = postSolution
		SolutionGuid = {43A51CA5-135A-4647-93B2-A139B9CCF979}
	EndGlobalSection
EndGlobal
